
Microsoft Visual Studio Solution File, Format Version 12.00
# Visual Studio 2013
VisualStudioVersion = 12.0.40629.0
MinimumVisualStudioVersion = 10.0.40219.1
Project("{2150E333-8FDC-42A3-9474-1A3956D46DE8}") = "Engine", "Engine", "{D5BA3DE8-9908-430D-8FB6-A6C3E6CAE590}"
EndProject
Project("{2150E333-8FDC-42A3-9474-1A3956D46DE8}") = "Games", "Games", "{DC8059B0-8BAF-4047-8C2A-8344F7604532}"
EndProject
Project("{8BC9CEB8-8B4A-11D0-8D11-00A0C91BC942}") = "UE4", "Intermediate\ProjectFiles\UE4.vcxproj", "{89A8A50C-3083-4CA5-8DE5-C82C4568C408}"
EndProject
Project("{8BC9CEB8-8B4A-11D0-8D11-00A0C91BC942}") = "WorldOfElements", "Intermediate\ProjectFiles\WorldOfElements.vcxproj", "{0F648F90-92F0-4CFF-8231-C76205C9E814}"
EndProject
Global
	GlobalSection(SolutionConfigurationPlatforms) = preSolution
		DebugGame Editor|Win32 = DebugGame Editor|Win32
		DebugGame Editor|Win64 = DebugGame Editor|Win64
		DebugGame|Win32 = DebugGame|Win32
		DebugGame|Win64 = DebugGame|Win64
		Development Editor|Win32 = Development Editor|Win32
		Development Editor|Win64 = Development Editor|Win64
		Development|Win32 = Development|Win32
		Development|Win64 = Development|Win64
		Shipping|Win32 = Shipping|Win32
		Shipping|Win64 = Shipping|Win64
	EndGlobalSection
	GlobalSection(ProjectConfigurationPlatforms) = postSolution
		{89A8A50C-3083-4CA5-8DE5-C82C4568C408}.DebugGame Editor|Win32.ActiveCfg = BuiltWithUnrealBuildTool|Win32
		{89A8A50C-3083-4CA5-8DE5-C82C4568C408}.DebugGame Editor|Win32.Build.0 = BuiltWithUnrealBuildTool|Win32
		{89A8A50C-3083-4CA5-8DE5-C82C4568C408}.DebugGame Editor|Win64.ActiveCfg = BuiltWithUnrealBuildTool|Win32
		{89A8A50C-3083-4CA5-8DE5-C82C4568C408}.DebugGame|Win32.ActiveCfg = BuiltWithUnrealBuildTool|Win32
		{89A8A50C-3083-4CA5-8DE5-C82C4568C408}.DebugGame|Win32.Build.0 = BuiltWithUnrealBuildTool|Win32
		{89A8A50C-3083-4CA5-8DE5-C82C4568C408}.DebugGame|Win64.ActiveCfg = BuiltWithUnrealBuildTool|Win32
		{89A8A50C-3083-4CA5-8DE5-C82C4568C408}.Development Editor|Win32.ActiveCfg = BuiltWithUnrealBuildTool|Win32
		{89A8A50C-3083-4CA5-8DE5-C82C4568C408}.Development Editor|Win32.Build.0 = BuiltWithUnrealBuildTool|Win32
		{89A8A50C-3083-4CA5-8DE5-C82C4568C408}.Development Editor|Win64.ActiveCfg = BuiltWithUnrealBuildTool|Win32
		{89A8A50C-3083-4CA5-8DE5-C82C4568C408}.Development|Win32.ActiveCfg = BuiltWithUnrealBuildTool|Win32
		{89A8A50C-3083-4CA5-8DE5-C82C4568C408}.Development|Win32.Build.0 = BuiltWithUnrealBuildTool|Win32
		{89A8A50C-3083-4CA5-8DE5-C82C4568C408}.Development|Win64.ActiveCfg = BuiltWithUnrealBuildTool|Win32
		{89A8A50C-3083-4CA5-8DE5-C82C4568C408}.Shipping|Win32.ActiveCfg = BuiltWithUnrealBuildTool|Win32
		{89A8A50C-3083-4CA5-8DE5-C82C4568C408}.Shipping|Win32.Build.0 = BuiltWithUnrealBuildTool|Win32
		{89A8A50C-3083-4CA5-8DE5-C82C4568C408}.Shipping|Win64.ActiveCfg = BuiltWithUnrealBuildTool|Win32
		{0F648F90-92F0-4CFF-8231-C76205C9E814}.DebugGame Editor|Win32.ActiveCfg = DebugGame_Editor|Win32
		{0F648F90-92F0-4CFF-8231-C76205C9E814}.DebugGame Editor|Win32.Build.0 = DebugGame_Editor|Win32
		{0F648F90-92F0-4CFF-8231-C76205C9E814}.DebugGame Editor|Win64.ActiveCfg = DebugGame_Editor|x64
		{0F648F90-92F0-4CFF-8231-C76205C9E814}.DebugGame Editor|Win64.Build.0 = DebugGame_Editor|x64
		{0F648F90-92F0-4CFF-8231-C76205C9E814}.DebugGame|Win32.ActiveCfg = DebugGame_Game|Win32
		{0F648F90-92F0-4CFF-8231-C76205C9E814}.DebugGame|Win32.Build.0 = DebugGame_Game|Win32
		{0F648F90-92F0-4CFF-8231-C76205C9E814}.DebugGame|Win64.ActiveCfg = DebugGame_Game|x64
		{0F648F90-92F0-4CFF-8231-C76205C9E814}.DebugGame|Win64.Build.0 = DebugGame_Game|x64
		{0F648F90-92F0-4CFF-8231-C76205C9E814}.Development Editor|Win32.ActiveCfg = Development_Editor|Win32
		{0F648F90-92F0-4CFF-8231-C76205C9E814}.Development Editor|Win32.Build.0 = Development_Editor|Win32
		{0F648F90-92F0-4CFF-8231-C76205C9E814}.Development Editor|Win64.ActiveCfg = Development_Editor|x64
		{0F648F90-92F0-4CFF-8231-C76205C9E814}.Development Editor|Win64.Build.0 = Development_Editor|x64
		{0F648F90-92F0-4CFF-8231-C76205C9E814}.Development|Win32.ActiveCfg = Development_Game|Win32
		{0F648F90-92F0-4CFF-8231-C76205C9E814}.Development|Win32.Build.0 = Development_Game|Win32
		{0F648F90-92F0-4CFF-8231-C76205C9E814}.Development|Win64.ActiveCfg = Development_Game|x64
		{0F648F90-92F0-4CFF-8231-C76205C9E814}.Development|Win64.Build.0 = Development_Game|x64
		{0F648F90-92F0-4CFF-8231-C76205C9E814}.Shipping|Win32.ActiveCfg = Shipping_Game|Win32
		{0F648F90-92F0-4CFF-8231-C76205C9E814}.Shipping|Win32.Build.0 = Shipping_Game|Win32
		{0F648F90-92F0-4CFF-8231-C76205C9E814}.Shipping|Win64.ActiveCfg = Shipping_Game|x64
		{0F648F90-92F0-4CFF-8231-C76205C9E814}.Shipping|Win64.Build.0 = Shipping_Game|x64
	EndGlobalSection
	GlobalSection(SolutionProperties) = preSolution
		HideSolutionNode = FALSE
	EndGlobalSection
	GlobalSection(NestedProjects) = preSolution
		{89A8A50C-3083-4CA5-8DE5-C82C4568C408} = {D5BA3DE8-9908-430D-8FB6-A6C3E6CAE590}
		{0F648F90-92F0-4CFF-8231-C76205C9E814} = {DC8059B0-8BAF-4047-8C2A-8344F7604532}
	EndGlobalSection
EndGlobal
